
Microsoft Visual Studio Solution File, Format Version 12.00
# Visual Studio Version 16
VisualStudioVersion = 16.0.30503.244
MinimumVisualStudioVersion = 10.0.40219.1
Project("{FAE04EC0-301F-11D3-BF4B-00C04F79EFBC}") = "MidTerm", "MidTerm\MidTerm.csproj", "{DE040D93-7D37-40C1-8151-F09A94C32089}"
EndProject
Global
	GlobalSection(SolutionConfigurationPlatforms) = preSolution
		Debug|Any CPU = Debug|Any CPU
		Release|Any CPU = Release|Any CPU
	EndGlobalSection
	GlobalSection(ProjectConfigurationPlatforms) = postSolution
		{DE040D93-7D37-40C1-8151-F09A94C32089}.Debug|Any CPU.ActiveCfg = Debug|Any CPU
		{DE040D93-7D37-40C1-8151-F09A94C32089}.Debug|Any CPU.Build.0 = Debug|Any CPU
		{DE040D93-7D37-40C1-8151-F09A94C32089}.Release|Any CPU.ActiveCfg = Release|Any CPU
		{DE040D93-7D37-40C1-8151-F09A94C32089}.Release|Any CPU.Build.0 = Release|Any CPU
	EndGlobalSection
	GlobalSection(SolutionProperties) = preSolution
		HideSolutionNode = FALSE
	EndGlobalSection
	GlobalSection(ExtensibilityGlobals) = postSolution
		SolutionGuid = {0186C250-2B8D-4907-8780-165B2623C95E}
	EndGlobalSection
EndGlobal
